
Microsoft Visual Studio Solution File, Format Version 12.00
# Visual Studio Version 17
VisualStudioVersion = 17.2.32616.157
MinimumVisualStudioVersion = 10.0.40219.1
Project("{FAE04EC0-301F-11D3-BF4B-00C04F79EFBC}") = "BanBif.Nuevo.Pandora.Api", "BanBif.Nuevo.Pandora.Api\BanBif.Nuevo.Pandora.Api.csproj", "{0038DF5D-054A-4C54-9F70-41AD72FAE744}"
EndProject
Project("{FAE04EC0-301F-11D3-BF4B-00C04F79EFBC}") = "BanBif.Nuevo.Pandora.DA", "BanBif.Nuevo.Pandora.DA\BanBif.Nuevo.Pandora.DA.csproj", "{16B502B9-3080-4BE2-ACE6-FBFCC91FECB1}"
EndProject
Project("{FAE04EC0-301F-11D3-BF4B-00C04F79EFBC}") = "BanBif.Nuevo.Pandora.BL", "BanBif.Nuevo.Pandora.BL\BanBif.Nuevo.Pandora.BL.csproj", "{0A2827A2-5D14-480F-81E8-41E92084198E}"
EndProject
Project("{FAE04EC0-301F-11D3-BF4B-00C04F79EFBC}") = "BanBif.Nuevo.Pandora.BE", "BanBif.Nuevo.Pandora.BE\BanBif.Nuevo.Pandora.BE.csproj", "{432FFC99-D7B7-45FA-8D98-D1D95594C2BF}"
EndProject
Project("{FAE04EC0-301F-11D3-BF4B-00C04F79EFBC}") = "BanBif.Nuevo.Pandora.App", "BanBif.Nuevo.Pandora.App\BanBif.Nuevo.Pandora.App.csproj", "{3952F4D4-2B2E-4D2C-8D6C-AFF44C77CFFC}"
EndProject
Project("{FAE04EC0-301F-11D3-BF4B-00C04F79EFBC}") = "BanBif.Comunes", "BanBif.Comunes\BanBif.Comunes.csproj", "{D2D946EB-FA3C-4B8F-AE35-AF9131C23BA4}"
EndProject
Global
	GlobalSection(SolutionConfigurationPlatforms) = preSolution
		Debug|Any CPU = Debug|Any CPU
		Release|Any CPU = Release|Any CPU
	EndGlobalSection
	GlobalSection(ProjectConfigurationPlatforms) = postSolution
		{0038DF5D-054A-4C54-9F70-41AD72FAE744}.Debug|Any CPU.ActiveCfg = Debug|Any CPU
		{0038DF5D-054A-4C54-9F70-41AD72FAE744}.Debug|Any CPU.Build.0 = Debug|Any CPU
		{0038DF5D-054A-4C54-9F70-41AD72FAE744}.Release|Any CPU.ActiveCfg = Release|Any CPU
		{0038DF5D-054A-4C54-9F70-41AD72FAE744}.Release|Any CPU.Build.0 = Release|Any CPU
		{16B502B9-3080-4BE2-ACE6-FBFCC91FECB1}.Debug|Any CPU.ActiveCfg = Debug|Any CPU
		{16B502B9-3080-4BE2-ACE6-FBFCC91FECB1}.Debug|Any CPU.Build.0 = Debug|Any CPU
		{16B502B9-3080-4BE2-ACE6-FBFCC91FECB1}.Release|Any CPU.ActiveCfg = Release|Any CPU
		{16B502B9-3080-4BE2-ACE6-FBFCC91FECB1}.Release|Any CPU.Build.0 = Release|Any CPU
		{0A2827A2-5D14-480F-81E8-41E92084198E}.Debug|Any CPU.ActiveCfg = Debug|Any CPU
		{0A2827A2-5D14-480F-81E8-41E92084198E}.Debug|Any CPU.Build.0 = Debug|Any CPU
		{0A2827A2-5D14-480F-81E8-41E92084198E}.Release|Any CPU.ActiveCfg = Release|Any CPU
		{0A2827A2-5D14-480F-81E8-41E92084198E}.Release|Any CPU.Build.0 = Release|Any CPU
		{432FFC99-D7B7-45FA-8D98-D1D95594C2BF}.Debug|Any CPU.ActiveCfg = Debug|Any CPU
		{432FFC99-D7B7-45FA-8D98-D1D95594C2BF}.Debug|Any CPU.Build.0 = Debug|Any CPU
		{432FFC99-D7B7-45FA-8D98-D1D95594C2BF}.Release|Any CPU.ActiveCfg = Release|Any CPU
		{432FFC99-D7B7-45FA-8D98-D1D95594C2BF}.Release|Any CPU.Build.0 = Release|Any CPU
		{3952F4D4-2B2E-4D2C-8D6C-AFF44C77CFFC}.Debug|Any CPU.ActiveCfg = Debug|Any CPU
		{3952F4D4-2B2E-4D2C-8D6C-AFF44C77CFFC}.Debug|Any CPU.Build.0 = Debug|Any CPU
		{3952F4D4-2B2E-4D2C-8D6C-AFF44C77CFFC}.Release|Any CPU.ActiveCfg = Release|Any CPU
		{3952F4D4-2B2E-4D2C-8D6C-AFF44C77CFFC}.Release|Any CPU.Build.0 = Release|Any CPU
		{D2D946EB-FA3C-4B8F-AE35-AF9131C23BA4}.Debug|Any CPU.ActiveCfg = Debug|Any CPU
		{D2D946EB-FA3C-4B8F-AE35-AF9131C23BA4}.Debug|Any CPU.Build.0 = Debug|Any CPU
		{D2D946EB-FA3C-4B8F-AE35-AF9131C23BA4}.Release|Any CPU.ActiveCfg = Release|Any CPU
		{D2D946EB-FA3C-4B8F-AE35-AF9131C23BA4}.Release|Any CPU.Build.0 = Release|Any CPU
	EndGlobalSection
	GlobalSection(SolutionProperties) = preSolution
		HideSolutionNode = FALSE
	EndGlobalSection
	GlobalSection(ExtensibilityGlobals) = postSolution
		SolutionGuid = {1CF8E745-16E2-4AB0-8D75-1E39946FCC98}
	EndGlobalSection
EndGlobal
